// !$*UTF8*$!
{
	archiveVersion = 1;
	classes = {
	};
	objectVersion = 77;
	objects = {

/* Begin PBXBuildFile section */
		3F8354612DD6EAC100122435 /* FirebaseAnalytics in Frameworks */ = {isa = PBXBuildFile; productRef = 3F8354602DD6EAC100122435 /* FirebaseAnalytics */; };
		3F8354632DD6EAC100122435 /* FirebaseAppCheck in Frameworks */ = {isa = PBXBuildFile; productRef = 3F8354622DD6EAC100122435 /* FirebaseAppCheck */; };
		3F8354652DD6EAC100122435 /* FirebaseAuth in Frameworks */ = {isa = PBXBuildFile; productRef = 3F8354642DD6EAC100122435 /* FirebaseAuth */; };
		3F8354672DD6EAC100122435 /* FirebaseCore in Frameworks */ = {isa = PBXBuildFile; productRef = 3F8354662DD6EAC100122435 /* FirebaseCore */; };
		3F8354692DD6EAC100122435 /* FirebaseDatabase in Frameworks */ = {isa = PBXBuildFile; productRef = 3F8354682DD6EAC100122435 /* FirebaseDatabase */; };
/* End PBXBuildFile section */

/* Begin PBXContainerItemProxy section */
		3F8353922DD6D82C00122435 /* PBXContainerItemProxy */ = {
			isa = PBXContainerItemProxy;
			containerPortal = 3F83537C2DD6D82B00122435 /* Project object */;
			proxyType = 1;
			remoteGlobalIDString = 3F8353832DD6D82B00122435;
			remoteInfo = ALP_Rawr;
		};
		3F83539C2DD6D82C00122435 /* PBXContainerItemProxy */ = {
			isa = PBXContainerItemProxy;
			containerPortal = 3F83537C2DD6D82B00122435 /* Project object */;
			proxyType = 1;
			remoteGlobalIDString = 3F8353832DD6D82B00122435;
			remoteInfo = ALP_Rawr;
		};
/* End PBXContainerItemProxy section */

/* Begin PBXFileReference section */
		3F8353842DD6D82B00122435 /* ALP_Rawr.app */ = {isa = PBXFileReference; explicitFileType = wrapper.application; includeInIndex = 0; path = ALP_Rawr.app; sourceTree = BUILT_PRODUCTS_DIR; };
		3F8353912DD6D82C00122435 /* ALP_RawrTests.xctest */ = {isa = PBXFileReference; explicitFileType = wrapper.cfbundle; includeInIndex = 0; path = ALP_RawrTests.xctest; sourceTree = BUILT_PRODUCTS_DIR; };
		3F83539B2DD6D82C00122435 /* ALP_RawrUITests.xctest */ = {isa = PBXFileReference; explicitFileType = wrapper.cfbundle; includeInIndex = 0; path = ALP_RawrUITests.xctest; sourceTree = BUILT_PRODUCTS_DIR; };
/* End PBXFileReference section */

/* Begin PBXFileSystemSynchronizedRootGroup section */
		3F8353862DD6D82B00122435 /* ALP_Rawr */ = {
			isa = PBXFileSystemSynchronizedRootGroup;
			path = ALP_Rawr;
			sourceTree = "<group>";
		};
		3F8353942DD6D82C00122435 /* ALP_RawrTests */ = {
			isa = PBXFileSystemSynchronizedRootGroup;
			path = ALP_RawrTests;
			sourceTree = "<group>";
		};
		3F83539E2DD6D82C00122435 /* ALP_RawrUITests */ = {
			isa = PBXFileSystemSynchronizedRootGroup;
			path = ALP_RawrUITests;
			sourceTree = "<group>";
		};
		3F8354992DD6F16300122435 /* Config */ = {
			isa = PBXFileSystemSynchronizedRootGroup;
			path = Config;
			sourceTree = "<group>";
		};
/* End PBXFileSystemSynchronizedRootGroup section */

/* Begin PBXFrameworksBuildPhase section */
		3F8353812DD6D82B00122435 /* Frameworks */ = {
			isa = PBXFrameworksBuildPhase;
			buildActionMask = 2147483647;
			files = (
				3F8354692DD6EAC100122435 /* FirebaseDatabase in Frameworks */,
				3F8354632DD6EAC100122435 /* FirebaseAppCheck in Frameworks */,
				3F8354652DD6EAC100122435 /* FirebaseAuth in Frameworks */,
				3F8354672DD6EAC100122435 /* FirebaseCore in Frameworks */,
				3F8354612DD6EAC100122435 /* FirebaseAnalytics in Frameworks */,
			);
			runOnlyForDeploymentPostprocessing = 0;
		};
		3F83538E2DD6D82C00122435 /* Frameworks */ = {
			isa = PBXFrameworksBuildPhase;
			buildActionMask = 2147483647;
			files = (
			);
			runOnlyForDeploymentPostprocessing = 0;
		};
		3F8353982DD6D82C00122435 /* Frameworks */ = {
			isa = PBXFrameworksBuildPhase;
			buildActionMask = 2147483647;
			files = (
			);
			runOnlyForDeploymentPostprocessing = 0;
		};
/* End PBXFrameworksBuildPhase section */

/* Begin PBXGroup section */
		3F83537B2DD6D82B00122435 = {
			isa = PBXGroup;
			children = (
				3F8354992DD6F16300122435 /* Config */,
				3F8353862DD6D82B00122435 /* ALP_Rawr */,
				3F8353942DD6D82C00122435 /* ALP_RawrTests */,
				3F83539E2DD6D82C00122435 /* ALP_RawrUITests */,
				3F8353852DD6D82B00122435 /* Products */,
			);
			sourceTree = "<group>";
		};
		3F8353852DD6D82B00122435 /* Products */ = {
			isa = PBXGroup;
			children = (
				3F8353842DD6D82B00122435 /* ALP_Rawr.app */,
				3F8353912DD6D82C00122435 /* ALP_RawrTests.xctest */,
				3F83539B2DD6D82C00122435 /* ALP_RawrUITests.xctest */,
			);
			name = Products;
			sourceTree = "<group>";
		};
/* End PBXGroup section */

/* Begin PBXNativeTarget section */
		3F8353832DD6D82B00122435 /* ALP_Rawr */ = {
			isa = PBXNativeTarget;
			buildConfigurationList = 3F8353A52DD6D82C00122435 /* Build configuration list for PBXNativeTarget "ALP_Rawr" */;
			buildPhases = (
				3F8353802DD6D82B00122435 /* Sources */,
				3F8353812DD6D82B00122435 /* Frameworks */,
				3F8353822DD6D82B00122435 /* Resources */,
			);
			buildRules = (
			);
			dependencies = (
			);
			fileSystemSynchronizedGroups = (
				3F8353862DD6D82B00122435 /* ALP_Rawr */,
				3F8354992DD6F16300122435 /* Config */,
			);
			name = ALP_Rawr;
			packageProductDependencies = (
				3F8354602DD6EAC100122435 /* FirebaseAnalytics */,
				3F8354622DD6EAC100122435 /* FirebaseAppCheck */,
				3F8354642DD6EAC100122435 /* FirebaseAuth */,
				3F8354662DD6EAC100122435 /* FirebaseCore */,
				3F8354682DD6EAC100122435 /* FirebaseDatabase */,
			);
			productName = ALP_Rawr;
			productReference = 3F8353842DD6D82B00122435 /* ALP_Rawr.app */;
			productType = "com.apple.product-type.application";
		};
		3F8353902DD6D82C00122435 /* ALP_RawrTests */ = {
			isa = PBXNativeTarget;
			buildConfigurationList = 3F8353A82DD6D82C00122435 /* Build configuration list for PBXNativeTarget "ALP_RawrTests" */;
			buildPhases = (
				3F83538D2DD6D82C00122435 /* Sources */,
				3F83538E2DD6D82C00122435 /* Frameworks */,
				3F83538F2DD6D82C00122435 /* Resources */,
			);
			buildRules = (
			);
			dependencies = (
				3F8353932DD6D82C00122435 /* PBXTargetDependency */,
			);
			fileSystemSynchronizedGroups = (
				3F8353942DD6D82C00122435 /* ALP_RawrTests */,
			);
			name = ALP_RawrTests;
			packageProductDependencies = (
			);
			productName = ALP_RawrTests;
			productReference = 3F8353912DD6D82C00122435 /* ALP_RawrTests.xctest */;
			productType = "com.apple.product-type.bundle.unit-test";
		};
		3F83539A2DD6D82C00122435 /* ALP_RawrUITests */ = {
			isa = PBXNativeTarget;
			buildConfigurationList = 3F8353AB2DD6D82C00122435 /* Build configuration list for PBXNativeTarget "ALP_RawrUITests" */;
			buildPhases = (
				3F8353972DD6D82C00122435 /* Sources */,
				3F8353982DD6D82C00122435 /* Frameworks */,
				3F8353992DD6D82C00122435 /* Resources */,
			);
			buildRules = (
			);
			dependencies = (
				3F83539D2DD6D82C00122435 /* PBXTargetDependency */,
			);
			fileSystemSynchronizedGroups = (
				3F83539E2DD6D82C00122435 /* ALP_RawrUITests */,
			);
			name = ALP_RawrUITests;
			packageProductDependencies = (
			);
			productName = ALP_RawrUITests;
			productReference = 3F83539B2DD6D82C00122435 /* ALP_RawrUITests.xctest */;
			productType = "com.apple.product-type.bundle.ui-testing";
		};
/* End PBXNativeTarget section */

/* Begin PBXProject section */
		3F83537C2DD6D82B00122435 /* Project object */ = {
			isa = PBXProject;
			attributes = {
				BuildIndependentTargetsInParallel = 1;
				LastSwiftUpdateCheck = 1630;
				LastUpgradeCheck = 1630;
				TargetAttributes = {
					3F8353832DD6D82B00122435 = {
						CreatedOnToolsVersion = 16.3;
					};
					3F8353902DD6D82C00122435 = {
						CreatedOnToolsVersion = 16.3;
						TestTargetID = 3F8353832DD6D82B00122435;
					};
					3F83539A2DD6D82C00122435 = {
						CreatedOnToolsVersion = 16.3;
						TestTargetID = 3F8353832DD6D82B00122435;
					};
				};
			};
			buildConfigurationList = 3F83537F2DD6D82B00122435 /* Build configuration list for PBXProject "ALP_Rawr" */;
			developmentRegion = en;
			hasScannedForEncodings = 0;
			knownRegions = (
				en,
				Base,
			);
			mainGroup = 3F83537B2DD6D82B00122435;
			minimizedProjectReferenceProxies = 1;
			packageReferences = (
				3F83545F2DD6EAC100122435 /* XCRemoteSwiftPackageReference "firebase-ios-sdk" */,
			);
			preferredProjectObjectVersion = 77;
			productRefGroup = 3F8353852DD6D82B00122435 /* Products */;
			projectDirPath = "";
			projectRoot = "";
			targets = (
				3F8353832DD6D82B00122435 /* ALP_Rawr */,
				3F8353902DD6D82C00122435 /* ALP_RawrTests */,
				3F83539A2DD6D82C00122435 /* ALP_RawrUITests */,
			);
		};
/* End PBXProject section */

/* Begin PBXResourcesBuildPhase section */
		3F8353822DD6D82B00122435 /* Resources */ = {
			isa = PBXResourcesBuildPhase;
			buildActionMask = 2147483647;
			files = (
			);
			runOnlyForDeploymentPostprocessing = 0;
		};
		3F83538F2DD6D82C00122435 /* Resources */ = {
			isa = PBXResourcesBuildPhase;
			buildActionMask = 2147483647;
			files = (
			);
			runOnlyForDeploymentPostprocessing = 0;
		};
		3F8353992DD6D82C00122435 /* Resources */ = {
			isa = PBXResourcesBuildPhase;
			buildActionMask = 2147483647;
			files = (
			);
			runOnlyForDeploymentPostprocessing = 0;
		};
/* End PBXResourcesBuildPhase section */

/* Begin PBXSourcesBuildPhase section */
		3F8353802DD6D82B00122435 /* Sources */ = {
			isa = PBXSourcesBuildPhase;
			buildActionMask = 2147483647;
			files = (
			);
			runOnlyForDeploymentPostprocessing = 0;
		};
		3F83538D2DD6D82C00122435 /* Sources */ = {
			isa = PBXSourcesBuildPhase;
			buildActionMask = 2147483647;
			files = (
			);
			runOnlyForDeploymentPostprocessing = 0;
		};
		3F8353972DD6D82C00122435 /* Sources */ = {
			isa = PBXSourcesBuildPhase;
			buildActionMask = 2147483647;
			files = (
			);
			runOnlyForDeploymentPostprocessing = 0;
		};
/* End PBXSourcesBuildPhase section */

/* Begin PBXTargetDependency section */
		3F8353932DD6D82C00122435 /* PBXTargetDependency */ = {
			isa = PBXTargetDependency;
			target = 3F8353832DD6D82B00122435 /* ALP_Rawr */;
			targetProxy = 3F8353922DD6D82C00122435 /* PBXContainerItemProxy */;
		};
		3F83539D2DD6D82C00122435 /* PBXTargetDependency */ = {
			isa = PBXTargetDependency;
			target = 3F8353832DD6D82B00122435 /* ALP_Rawr */;
			targetProxy = 3F83539C2DD6D82C00122435 /* PBXContainerItemProxy */;
		};
/* End PBXTargetDependency section */

/* Begin XCBuildConfiguration section */
		3F8353A32DD6D82C00122435 /* Debug */ = {
			isa = XCBuildConfiguration;
			buildSettings = {
				ALWAYS_SEARCH_USER_PATHS = NO;
				ASSETCATALOG_COMPILER_GENERATE_SWIFT_ASSET_SYMBOL_EXTENSIONS = YES;
				CLANG_ANALYZER_NONNULL = YES;
				CLANG_ANALYZER_NUMBER_OBJECT_CONVERSION = YES_AGGRESSIVE;
				CLANG_CXX_LANGUAGE_STANDARD = "gnu++20";
				CLANG_ENABLE_MODULES = YES;
				CLANG_ENABLE_OBJC_ARC = YES;
				CLANG_ENABLE_OBJC_WEAK = YES;
				CLANG_WARN_BLOCK_CAPTURE_AUTORELEASING = YES;
				CLANG_WARN_BOOL_CONVERSION = YES;
				CLANG_WARN_COMMA = YES;
				CLANG_WARN_CONSTANT_CONVERSION = YES;
				CLANG_WARN_DEPRECATED_OBJC_IMPLEMENTATIONS = YES;
				CLANG_WARN_DIRECT_OBJC_ISA_USAGE = YES_ERROR;
				CLANG_WARN_DOCUMENTATION_COMMENTS = YES;
				CLANG_WARN_EMPTY_BODY = YES;
				CLANG_WARN_ENUM_CONVERSION = YES;
				CLANG_WARN_INFINITE_RECURSION = YES;
				CLANG_WARN_INT_CONVERSION = YES;
				CLANG_WARN_NON_LITERAL_NULL_CONVERSION = YES;
				CLANG_WARN_OBJC_IMPLICIT_RETAIN_SELF = YES;
				CLANG_WARN_OBJC_LITERAL_CONVERSION = YES;
				CLANG_WARN_OBJC_ROOT_CLASS = YES_ERROR;
				CLANG_WARN_QUOTED_INCLUDE_IN_FRAMEWORK_HEADER = YES;
				CLANG_WARN_RANGE_LOOP_ANALYSIS = YES;
				CLANG_WARN_STRICT_PROTOTYPES = YES;
				CLANG_WARN_SUSPICIOUS_MOVE = YES;
				CLANG_WARN_UNGUARDED_AVAILABILITY = YES_AGGRESSIVE;
				CLANG_WARN_UNREACHABLE_CODE = YES;
				CLANG_WARN__DUPLICATE_METHOD_MATCH = YES;
				COPY_PHASE_STRIP = NO;
				DEBUG_INFORMATION_FORMAT = dwarf;
				ENABLE_STRICT_OBJC_MSGSEND = YES;
				ENABLE_TESTABILITY = YES;
				ENABLE_USER_SCRIPT_SANDBOXING = YES;
				GCC_C_LANGUAGE_STANDARD = gnu17;
				GCC_DYNAMIC_NO_PIC = NO;
				GCC_NO_COMMON_BLOCKS = YES;
				GCC_OPTIMIZATION_LEVEL = 0;
				GCC_PREPROCESSOR_DEFINITIONS = (
					"DEBUG=1",
					"$(inherited)",
				);
				GCC_WARN_64_TO_32_BIT_CONVERSION = YES;
				GCC_WARN_ABOUT_RETURN_TYPE = YES_ERROR;
				GCC_WARN_UNDECLARED_SELECTOR = YES;
				GCC_WARN_UNINITIALIZED_AUTOS = YES_AGGRESSIVE;
				GCC_WARN_UNUSED_FUNCTION = YES;
				GCC_WARN_UNUSED_VARIABLE = YES;
				IPHONEOS_DEPLOYMENT_TARGET = 18.4;
				LOCALIZATION_PREFERS_STRING_CATALOGS = YES;
				MTL_ENABLE_DEBUG_INFO = INCLUDE_SOURCE;
				MTL_FAST_MATH = YES;
				ONLY_ACTIVE_ARCH = YES;
				SDKROOT = iphoneos;
				SWIFT_ACTIVE_COMPILATION_CONDITIONS = "DEBUG $(inherited)";
				SWIFT_OPTIMIZATION_LEVEL = "-Onone";
			};
			name = Debug;
		};
		3F8353A42DD6D82C00122435 /* Release */ = {
			isa = XCBuildConfiguration;
			buildSettings = {
				ALWAYS_SEARCH_USER_PATHS = NO;
				ASSETCATALOG_COMPILER_GENERATE_SWIFT_ASSET_SYMBOL_EXTENSIONS = YES;
				CLANG_ANALYZER_NONNULL = YES;
				CLANG_ANALYZER_NUMBER_OBJECT_CONVERSION = YES_AGGRESSIVE;
				CLANG_CXX_LANGUAGE_STANDARD = "gnu++20";
				CLANG_ENABLE_MODULES = YES;
				CLANG_ENABLE_OBJC_ARC = YES;
				CLANG_ENABLE_OBJC_WEAK = YES;
				CLANG_WARN_BLOCK_CAPTURE_AUTORELEASING = YES;
				CLANG_WARN_BOOL_CONVERSION = YES;
				CLANG_WARN_COMMA = YES;
				CLANG_WARN_CONSTANT_CONVERSION = YES;
				CLANG_WARN_DEPRECATED_OBJC_IMPLEMENTATIONS = YES;
				CLANG_WARN_DIRECT_OBJC_ISA_USAGE = YES_ERROR;
				CLANG_WARN_DOCUMENTATION_COMMENTS = YES;
				CLANG_WARN_EMPTY_BODY = YES;
				CLANG_WARN_ENUM_CONVERSION = YES;
				CLANG_WARN_INFINITE_RECURSION = YES;
				CLANG_WARN_INT_CONVERSION = YES;
				CLANG_WARN_NON_LITERAL_NULL_CONVERSION = YES;
				CLANG_WARN_OBJC_IMPLICIT_RETAIN_SELF = YES;
				CLANG_WARN_OBJC_LITERAL_CONVERSION = YES;
				CLANG_WARN_OBJC_ROOT_CLASS = YES_ERROR;
				CLANG_WARN_QUOTED_INCLUDE_IN_FRAMEWORK_HEADER = YES;
				CLANG_WARN_RANGE_LOOP_ANALYSIS = YES;
				CLANG_WARN_STRICT_PROTOTYPES = YES;
				CLANG_WARN_SUSPICIOUS_MOVE = YES;
				CLANG_WARN_UNGUARDED_AVAILABILITY = YES_AGGRESSIVE;
				CLANG_WARN_UNREACHABLE_CODE = YES;
				CLANG_WARN__DUPLICATE_METHOD_MATCH = YES;
				COPY_PHASE_STRIP = NO;
				DEBUG_INFORMATION_FORMAT = "dwarf-with-dsym";
				ENABLE_NS_ASSERTIONS = NO;
				ENABLE_STRICT_OBJC_MSGSEND = YES;
				ENABLE_USER_SCRIPT_SANDBOXING = YES;
				GCC_C_LANGUAGE_STANDARD = gnu17;
				GCC_NO_COMMON_BLOCKS = YES;
				GCC_WARN_64_TO_32_BIT_CONVERSION = YES;
				GCC_WARN_ABOUT_RETURN_TYPE = YES_ERROR;
				GCC_WARN_UNDECLARED_SELECTOR = YES;
				GCC_WARN_UNINITIALIZED_AUTOS = YES_AGGRESSIVE;
				GCC_WARN_UNUSED_FUNCTION = YES;
				GCC_WARN_UNUSED_VARIABLE = YES;
				IPHONEOS_DEPLOYMENT_TARGET = 18.4;
				LOCALIZATION_PREFERS_STRING_CATALOGS = YES;
				MTL_ENABLE_DEBUG_INFO = NO;
				MTL_FAST_MATH = YES;
				SDKROOT = iphoneos;
				SWIFT_COMPILATION_MODE = wholemodule;
				VALIDATE_PRODUCT = YES;
			};
			name = Release;
		};
		3F8353A62DD6D82C00122435 /* Debug */ = {
			isa = XCBuildConfiguration;
			buildSettings = {
				ASSETCATALOG_COMPILER_APPICON_NAME = AppIcon;
				ASSETCATALOG_COMPILER_GLOBAL_ACCENT_COLOR_NAME = AccentColor;
				CODE_SIGN_STYLE = Automatic;
				CURRENT_PROJECT_VERSION = 1;
				ENABLE_PREVIEWS = YES;
				GENERATE_INFOPLIST_FILE = YES;
				INFOPLIST_KEY_UIApplicationSceneManifest_Generation = YES;
				INFOPLIST_KEY_UIApplicationSupportsIndirectInputEvents = YES;
				INFOPLIST_KEY_UILaunchScreen_Generation = YES;
				INFOPLIST_KEY_UISupportedInterfaceOrientations_iPad = "UIInterfaceOrientationPortrait UIInterfaceOrientationPortraitUpsideDown UIInterfaceOrientationLandscapeLeft UIInterfaceOrientationLandscapeRight";
				INFOPLIST_KEY_UISupportedInterfaceOrientations_iPhone = "UIInterfaceOrientationPortrait UIInterfaceOrientationLandscapeLeft UIInterfaceOrientationLandscapeRight";
				LD_RUNPATH_SEARCH_PATHS = (
					"$(inherited)",
					"@executable_path/Frameworks",
				);
				MARKETING_VERSION = 1.0;
				PRODUCT_BUNDLE_IDENTIFIER = "IMT.ALP-Rawr";
				PRODUCT_NAME = "$(TARGET_NAME)";
				SWIFT_EMIT_LOC_STRINGS = YES;
				SWIFT_VERSION = 5.0;
				TARGETED_DEVICE_FAMILY = "1,2";
			};
			name = Debug;
		};
		3F8353A72DD6D82C00122435 /* Release */ = {
			isa = XCBuildConfiguration;
			buildSettings = {
				ASSETCATALOG_COMPILER_APPICON_NAME = AppIcon;
				ASSETCATALOG_COMPILER_GLOBAL_ACCENT_COLOR_NAME = AccentColor;
				CODE_SIGN_STYLE = Automatic;
				CURRENT_PROJECT_VERSION = 1;
				ENABLE_PREVIEWS = YES;
				GENERATE_INFOPLIST_FILE = YES;
				INFOPLIST_KEY_UIApplicationSceneManifest_Generation = YES;
				INFOPLIST_KEY_UIApplicationSupportsIndirectInputEvents = YES;
				INFOPLIST_KEY_UILaunchScreen_Generation = YES;
				INFOPLIST_KEY_UISupportedInterfaceOrientations_iPad = "UIInterfaceOrientationPortrait UIInterfaceOrientationPortraitUpsideDown UIInterfaceOrientationLandscapeLeft UIInterfaceOrientationLandscapeRight";
				INFOPLIST_KEY_UISupportedInterfaceOrientations_iPhone = "UIInterfaceOrientationPortrait UIInterfaceOrientationLandscapeLeft UIInterfaceOrientationLandscapeRight";
				LD_RUNPATH_SEARCH_PATHS = (
					"$(inherited)",
					"@executable_path/Frameworks",
				);
				MARKETING_VERSION = 1.0;
				PRODUCT_BUNDLE_IDENTIFIER = "IMT.ALP-Rawr";
				PRODUCT_NAME = "$(TARGET_NAME)";
				SWIFT_EMIT_LOC_STRINGS = YES;
				SWIFT_VERSION = 5.0;
				TARGETED_DEVICE_FAMILY = "1,2";
			};
			name = Release;
		};
		3F8353A92DD6D82C00122435 /* Debug */ = {
			isa = XCBuildConfiguration;
			buildSettings = {
				BUNDLE_LOADER = "$(TEST_HOST)";
				CODE_SIGN_STYLE = Automatic;
				CURRENT_PROJECT_VERSION = 1;
				GENERATE_INFOPLIST_FILE = YES;
				IPHONEOS_DEPLOYMENT_TARGET = 18.4;
				MARKETING_VERSION = 1.0;
				PRODUCT_BUNDLE_IDENTIFIER = "IMT.ALP-RawrTests";
				PRODUCT_NAME = "$(TARGET_NAME)";
				SWIFT_EMIT_LOC_STRINGS = NO;
				SWIFT_VERSION = 5.0;
				TARGETED_DEVICE_FAMILY = "1,2";
				TEST_HOST = "$(BUILT_PRODUCTS_DIR)/ALP_Rawr.app/$(BUNDLE_EXECUTABLE_FOLDER_PATH)/ALP_Rawr";
			};
			name = Debug;
		};
		3F8353AA2DD6D82C00122435 /* Release */ = {
			isa = XCBuildConfiguration;
			buildSettings = {
				BUNDLE_LOADER = "$(TEST_HOST)";
				CODE_SIGN_STYLE = Automatic;
				CURRENT_PROJECT_VERSION = 1;
				GENERATE_INFOPLIST_FILE = YES;
				IPHONEOS_DEPLOYMENT_TARGET = 18.4;
				MARKETING_VERSION = 1.0;
				PRODUCT_BUNDLE_IDENTIFIER = "IMT.ALP-RawrTests";
				PRODUCT_NAME = "$(TARGET_NAME)";
				SWIFT_EMIT_LOC_STRINGS = NO;
				SWIFT_VERSION = 5.0;
				TARGETED_DEVICE_FAMILY = "1,2";
				TEST_HOST = "$(BUILT_PRODUCTS_DIR)/ALP_Rawr.app/$(BUNDLE_EXECUTABLE_FOLDER_PATH)/ALP_Rawr";
			};
			name = Release;
		};
		3F8353AC2DD6D82C00122435 /* Debug */ = {
			isa = XCBuildConfiguration;
			buildSettings = {
				CODE_SIGN_STYLE = Automatic;
				CURRENT_PROJECT_VERSION = 1;
				GENERATE_INFOPLIST_FILE = YES;
				MARKETING_VERSION = 1.0;
				PRODUCT_BUNDLE_IDENTIFIER = "IMT.ALP-RawrUITests";
				PRODUCT_NAME = "$(TARGET_NAME)";
				SWIFT_EMIT_LOC_STRINGS = NO;
				SWIFT_VERSION = 5.0;
				TARGETED_DEVICE_FAMILY = "1,2";
				TEST_TARGET_NAME = ALP_Rawr;
			};
			name = Debug;
		};
		3F8353AD2DD6D82C00122435 /* Release */ = {
			isa = XCBuildConfiguration;
			buildSettings = {
				CODE_SIGN_STYLE = Automatic;
				CURRENT_PROJECT_VERSION = 1;
				GENERATE_INFOPLIST_FILE = YES;
				MARKETING_VERSION = 1.0;
				PRODUCT_BUNDLE_IDENTIFIER = "IMT.ALP-RawrUITests";
				PRODUCT_NAME = "$(TARGET_NAME)";
				SWIFT_EMIT_LOC_STRINGS = NO;
				SWIFT_VERSION = 5.0;
				TARGETED_DEVICE_FAMILY = "1,2";
				TEST_TARGET_NAME = ALP_Rawr;
			};
			name = Release;
		};
/* End XCBuildConfiguration section */

/* Begin XCConfigurationList section */
		3F83537F2DD6D82B00122435 /* Build configuration list for PBXProject "ALP_Rawr" */ = {
			isa = XCConfigurationList;
			buildConfigurations = (
				3F8353A32DD6D82C00122435 /* Debug */,
				3F8353A42DD6D82C00122435 /* Release */,
			);
			defaultConfigurationIsVisible = 0;
			defaultConfigurationName = Release;
		};
		3F8353A52DD6D82C00122435 /* Build configuration list for PBXNativeTarget "ALP_Rawr" */ = {
			isa = XCConfigurationList;
			buildConfigurations = (
				3F8353A62DD6D82C00122435 /* Debug */,
				3F8353A72DD6D82C00122435 /* Release */,
			);
			defaultConfigurationIsVisible = 0;
			defaultConfigurationName = Release;
		};
		3F8353A82DD6D82C00122435 /* Build configuration list for PBXNativeTarget "ALP_RawrTests" */ = {
			isa = XCConfigurationList;
			buildConfigurations = (
				3F8353A92DD6D82C00122435 /* Debug */,
				3F8353AA2DD6D82C00122435 /* Release */,
			);
			defaultConfigurationIsVisible = 0;
			defaultConfigurationName = Release;
		};
		3F8353AB2DD6D82C00122435 /* Build configuration list for PBXNativeTarget "ALP_RawrUITests" */ = {
			isa = XCConfigurationList;
			buildConfigurations = (
				3F8353AC2DD6D82C00122435 /* Debug */,
				3F8353AD2DD6D82C00122435 /* Release */,
			);
			defaultConfigurationIsVisible = 0;
			defaultConfigurationName = Release;
		};
/* End XCConfigurationList section */

/* Begin XCRemoteSwiftPackageReference section */
		3F83545F2DD6EAC100122435 /* XCRemoteSwiftPackageReference "firebase-ios-sdk" */ = {
			isa = XCRemoteSwiftPackageReference;
			repositoryURL = "https://github.com/firebase/firebase-ios-sdk";
			requirement = {
				kind = upToNextMajorVersion;
				minimumVersion = 11.12.0;
			};
		};
/* End XCRemoteSwiftPackageReference section */

/* Begin XCSwiftPackageProductDependency section */
		3F8354602DD6EAC100122435 /* FirebaseAnalytics */ = {
			isa = XCSwiftPackageProductDependency;
			package = 3F83545F2DD6EAC100122435 /* XCRemoteSwiftPackageReference "firebase-ios-sdk" */;
			productName = FirebaseAnalytics;
		};
		3F8354622DD6EAC100122435 /* FirebaseAppCheck */ = {
			isa = XCSwiftPackageProductDependency;
			package = 3F83545F2DD6EAC100122435 /* XCRemoteSwiftPackageReference "firebase-ios-sdk" */;
			productName = FirebaseAppCheck;
		};
		3F8354642DD6EAC100122435 /* FirebaseAuth */ = {
			isa = XCSwiftPackageProductDependency;
			package = 3F83545F2DD6EAC100122435 /* XCRemoteSwiftPackageReference "firebase-ios-sdk" */;
			productName = FirebaseAuth;
		};
		3F8354662DD6EAC100122435 /* FirebaseCore */ = {
			isa = XCSwiftPackageProductDependency;
			package = 3F83545F2DD6EAC100122435 /* XCRemoteSwiftPackageReference "firebase-ios-sdk" */;
			productName = FirebaseCore;
		};
		3F8354682DD6EAC100122435 /* FirebaseDatabase */ = {
			isa = XCSwiftPackageProductDependency;
			package = 3F83545F2DD6EAC100122435 /* XCRemoteSwiftPackageReference "firebase-ios-sdk" */;
			productName = FirebaseDatabase;
		};
/* End XCSwiftPackageProductDependency section */
	};
	rootObject = 3F83537C2DD6D82B00122435 /* Project object */;
}
